
Microsoft Visual Studio Solution File, Format Version 12.00
# Visual Studio Version 16
VisualStudioVersion = 16.0.29509.3
MinimumVisualStudioVersion = 10.0.40219.1
Project("{9A19103F-16F7-4668-BE54-9A1E7A4F7556}") = "InMemoryApp.Web", "InMemoryApp.Web\InMemoryApp.Web.csproj", "{3548185F-A1EA-42E2-9910-8C6168D791B0}"
EndProject
Project("{9A19103F-16F7-4668-BE54-9A1E7A4F7556}") = "IDistributedCacheRedisApp.Web", "IDistributedCacheRedisApp.Web\IDistributedCacheRedisApp.Web.csproj", "{DD57B373-EED4-4C71-B5CB-010CA9AF10AB}"
EndProject
Project("{FAE04EC0-301F-11D3-BF4B-00C04F79EFBC}") = "RedisExchangeAPI.Web", "RedisExchangeAPI.Web\RedisExchangeAPI.Web.csproj", "{0C14F666-13E7-4037-AA69-50FE55DC8008}"
EndProject
Global
	GlobalSection(SolutionConfigurationPlatforms) = preSolution
		Debug|Any CPU = Debug|Any CPU
		Release|Any CPU = Release|Any CPU
	EndGlobalSection
	GlobalSection(ProjectConfigurationPlatforms) = postSolution
		{3548185F-A1EA-42E2-9910-8C6168D791B0}.Debug|Any CPU.ActiveCfg = Debug|Any CPU
		{3548185F-A1EA-42E2-9910-8C6168D791B0}.Debug|Any CPU.Build.0 = Debug|Any CPU
		{3548185F-A1EA-42E2-9910-8C6168D791B0}.Release|Any CPU.ActiveCfg = Release|Any CPU
		{3548185F-A1EA-42E2-9910-8C6168D791B0}.Release|Any CPU.Build.0 = Release|Any CPU
		{DD57B373-EED4-4C71-B5CB-010CA9AF10AB}.Debug|Any CPU.ActiveCfg = Debug|Any CPU
		{DD57B373-EED4-4C71-B5CB-010CA9AF10AB}.Debug|Any CPU.Build.0 = Debug|Any CPU
		{DD57B373-EED4-4C71-B5CB-010CA9AF10AB}.Release|Any CPU.ActiveCfg = Release|Any CPU
		{DD57B373-EED4-4C71-B5CB-010CA9AF10AB}.Release|Any CPU.Build.0 = Release|Any CPU
		{0C14F666-13E7-4037-AA69-50FE55DC8008}.Debug|Any CPU.ActiveCfg = Debug|Any CPU
		{0C14F666-13E7-4037-AA69-50FE55DC8008}.Debug|Any CPU.Build.0 = Debug|Any CPU
		{0C14F666-13E7-4037-AA69-50FE55DC8008}.Release|Any CPU.ActiveCfg = Release|Any CPU
		{0C14F666-13E7-4037-AA69-50FE55DC8008}.Release|Any CPU.Build.0 = Release|Any CPU
	EndGlobalSection
	GlobalSection(SolutionProperties) = preSolution
		HideSolutionNode = FALSE
	EndGlobalSection
	GlobalSection(ExtensibilityGlobals) = postSolution
		SolutionGuid = {532A9971-8055-4AE9-935F-F8B085EAE670}
	EndGlobalSection
EndGlobal
